
Microsoft Visual Studio Solution File, Format Version 12.00
# Visual Studio 15
VisualStudioVersion = 15.0.27703.2000
MinimumVisualStudioVersion = 10.0.40219.1
Project("{9092AA53-FB77-4645-B42D-1CCCA6BD08BD}") = "ArchiveGameServer", "ArchiveGameServer\ArchiveGameServer.njsproj", "{1E5A8B5D-C745-425E-91BF-985DF81084EF}"
EndProject
Global
	GlobalSection(SolutionConfigurationPlatforms) = preSolution
		Debug|Any CPU = Debug|Any CPU
		Release|Any CPU = Release|Any CPU
	EndGlobalSection
	GlobalSection(ProjectConfigurationPlatforms) = postSolution
		{1E5A8B5D-C745-425E-91BF-985DF81084EF}.Debug|Any CPU.ActiveCfg = Debug|Any CPU
		{1E5A8B5D-C745-425E-91BF-985DF81084EF}.Debug|Any CPU.Build.0 = Debug|Any CPU
		{1E5A8B5D-C745-425E-91BF-985DF81084EF}.Release|Any CPU.ActiveCfg = Release|Any CPU
		{1E5A8B5D-C745-425E-91BF-985DF81084EF}.Release|Any CPU.Build.0 = Release|Any CPU
	EndGlobalSection
	GlobalSection(SolutionProperties) = preSolution
		HideSolutionNode = FALSE
	EndGlobalSection
	GlobalSection(ExtensibilityGlobals) = postSolution
		SolutionGuid = {34C0BCAF-23A4-4EEB-B7D4-1246099F38E4}
	EndGlobalSection
EndGlobal
